
Microsoft Visual Studio Solution File, Format Version 12.00
# Visual Studio Version 17
VisualStudioVersion = 17.0.31903.59
MinimumVisualStudioVersion = 10.0.40219.1
Project("{FAE04EC0-301F-11D3-BF4B-00C04F79EFBC}") = "API", "API\API.csproj", "{F24EEDFB-8892-4D8A-ABB5-5F9881DB3D51}"
EndProject
Project("{FAE04EC0-301F-11D3-BF4B-00C04F79EFBC}") = "Application", "Application\Application.csproj", "{EE88263B-D267-4014-84A6-76043180ABE7}"
EndProject
Project("{FAE04EC0-301F-11D3-BF4B-00C04F79EFBC}") = "Domain", "Domain\Domain.csproj", "{A542C2C6-476C-41FC-859A-08C15E20716F}"
EndProject
Project("{FAE04EC0-301F-11D3-BF4B-00C04F79EFBC}") = "Persistence", "Persistence\Persistence.csproj", "{E15BE787-8E0D-418E-A368-8942B1BAE4B3}"
EndProject
Global
	GlobalSection(SolutionConfigurationPlatforms) = preSolution
		Debug|Any CPU = Debug|Any CPU
		Release|Any CPU = Release|Any CPU
	EndGlobalSection
	GlobalSection(SolutionProperties) = preSolution
		HideSolutionNode = FALSE
	EndGlobalSection
	GlobalSection(ProjectConfigurationPlatforms) = postSolution
		{F24EEDFB-8892-4D8A-ABB5-5F9881DB3D51}.Debug|Any CPU.ActiveCfg = Debug|Any CPU
		{F24EEDFB-8892-4D8A-ABB5-5F9881DB3D51}.Debug|Any CPU.Build.0 = Debug|Any CPU
		{F24EEDFB-8892-4D8A-ABB5-5F9881DB3D51}.Release|Any CPU.ActiveCfg = Release|Any CPU
		{F24EEDFB-8892-4D8A-ABB5-5F9881DB3D51}.Release|Any CPU.Build.0 = Release|Any CPU
		{EE88263B-D267-4014-84A6-76043180ABE7}.Debug|Any CPU.ActiveCfg = Debug|Any CPU
		{EE88263B-D267-4014-84A6-76043180ABE7}.Debug|Any CPU.Build.0 = Debug|Any CPU
		{EE88263B-D267-4014-84A6-76043180ABE7}.Release|Any CPU.ActiveCfg = Release|Any CPU
		{EE88263B-D267-4014-84A6-76043180ABE7}.Release|Any CPU.Build.0 = Release|Any CPU
		{A542C2C6-476C-41FC-859A-08C15E20716F}.Debug|Any CPU.ActiveCfg = Debug|Any CPU
		{A542C2C6-476C-41FC-859A-08C15E20716F}.Debug|Any CPU.Build.0 = Debug|Any CPU
		{A542C2C6-476C-41FC-859A-08C15E20716F}.Release|Any CPU.ActiveCfg = Release|Any CPU
		{A542C2C6-476C-41FC-859A-08C15E20716F}.Release|Any CPU.Build.0 = Release|Any CPU
		{E15BE787-8E0D-418E-A368-8942B1BAE4B3}.Debug|Any CPU.ActiveCfg = Debug|Any CPU
		{E15BE787-8E0D-418E-A368-8942B1BAE4B3}.Debug|Any CPU.Build.0 = Debug|Any CPU
		{E15BE787-8E0D-418E-A368-8942B1BAE4B3}.Release|Any CPU.ActiveCfg = Release|Any CPU
		{E15BE787-8E0D-418E-A368-8942B1BAE4B3}.Release|Any CPU.Build.0 = Release|Any CPU
	EndGlobalSection
EndGlobal
